
Microsoft Visual Studio Solution File, Format Version 12.00
Project("{FAE04EC0-301F-11D3-BF4B-00C04F79EFBC}") = "WholesaleStoreSimulation", "WholesaleStoreSimulation\WholesaleStoreSimulation.csproj", "{01D226F1-BC43-4F49-900C-B51BD29C6DC0}"
EndProject
Project("{FAE04EC0-301F-11D3-BF4B-00C04F79EFBC}") = "WholesaleStoreSimulation.Tests", "WholesaleStoreSimulation.Tests\WholesaleStoreSimulation.Tests.csproj", "{E30ACF3B-3A65-4E8C-A730-8B0D0B44CE4D}"
EndProject
Global
	GlobalSection(SolutionConfigurationPlatforms) = preSolution
		Debug|Any CPU = Debug|Any CPU
		Release|Any CPU = Release|Any CPU
	EndGlobalSection
	GlobalSection(ProjectConfigurationPlatforms) = postSolution
		{01D226F1-BC43-4F49-900C-B51BD29C6DC0}.Debug|Any CPU.ActiveCfg = Debug|Any CPU
		{01D226F1-BC43-4F49-900C-B51BD29C6DC0}.Debug|Any CPU.Build.0 = Debug|Any CPU
		{01D226F1-BC43-4F49-900C-B51BD29C6DC0}.Release|Any CPU.ActiveCfg = Release|Any CPU
		{01D226F1-BC43-4F49-900C-B51BD29C6DC0}.Release|Any CPU.Build.0 = Release|Any CPU
		{E30ACF3B-3A65-4E8C-A730-8B0D0B44CE4D}.Debug|Any CPU.ActiveCfg = Debug|Any CPU
		{E30ACF3B-3A65-4E8C-A730-8B0D0B44CE4D}.Debug|Any CPU.Build.0 = Debug|Any CPU
		{E30ACF3B-3A65-4E8C-A730-8B0D0B44CE4D}.Release|Any CPU.ActiveCfg = Release|Any CPU
		{E30ACF3B-3A65-4E8C-A730-8B0D0B44CE4D}.Release|Any CPU.Build.0 = Release|Any CPU
	EndGlobalSection
EndGlobal
